{
    "_readme": [
        "This file locks the dependencies of your project to a known state",
        "Read more about it at http://getcomposer.org/doc/01-basic-usage.md#composer-lock-the-lock-file",
        "This file is @generated automatically"
    ],
    "hash": "8a7e55346375ac220f5b5d29ba2db105",
    "packages": [
        {
            "name": "smottt/wideimage",
            "version": "dev-master",
            "source": {
                "type": "git",
                "url": "https://github.com/smottt/WideImage.git",
                "reference": "ee2e71be7e3f298248bd6d0f4a157bb42f432ba7"
            },
            "dist": {
                "type": "zip",
                "url": "https://api.github.com/repos/smottt/WideImage/zipball/ee2e71be7e3f298248bd6d0f4a157bb42f432ba7",
                "reference": "ee2e71be7e3f298248bd6d0f4a157bb42f432ba7",
                "shasum": ""
            },
            "type": "library",
            "autoload": {
                "psr-0": {
                    "WideImage": "lib/"
                }
            },
            "notification-url": "https://packagist.org/downloads/",
            "license": [
                "GPL-2.0",
                "LGPL-2.1"
            ],
            "description": "An open-source PHP library for image manipulation. (With namespaces, PHP 5.3+)",
            "homepage": "http://wideimage.sourceforge.net",
            "time": "2014-10-05 14:59:53"
        }
    ],
    "packages-dev": [],
    "aliases": [],
    "minimum-stability": "stable",
    "stability-flags": {
        "smottt/wideimage": 20
    },
    "prefer-stable": false,
    "platform": [],
    "platform-dev": []
}
